
Microsoft Visual Studio Solution File, Format Version 12.00
# Visual Studio Version 17
VisualStudioVersion = 17.4.33213.308
MinimumVisualStudioVersion = 10.0.40219.1
Project("{888888A0-9F3D-457C-B088-3A5042F75D52}") = "brydz", "brydz\brydz.pyproj", "{43D668A7-44FD-413A-9CC2-F259A0A964DE}"
EndProject
Global
	GlobalSection(SolutionConfigurationPlatforms) = preSolution
		Debug|Any CPU = Debug|Any CPU
		Release|Any CPU = Release|Any CPU
	EndGlobalSection
	GlobalSection(ProjectConfigurationPlatforms) = postSolution
		{43D668A7-44FD-413A-9CC2-F259A0A964DE}.Debug|Any CPU.ActiveCfg = Debug|Any CPU
		{43D668A7-44FD-413A-9CC2-F259A0A964DE}.Release|Any CPU.ActiveCfg = Release|Any CPU
	EndGlobalSection
	GlobalSection(SolutionProperties) = preSolution
		HideSolutionNode = FALSE
	EndGlobalSection
	GlobalSection(ExtensibilityGlobals) = postSolution
		SolutionGuid = {7CC25F0F-DBD2-49E2-88A2-D289809A962C}
	EndGlobalSection
EndGlobal
